
Microsoft Visual Studio Solution File, Format Version 12.00
# Visual Studio Version 16
VisualStudioVersion = 25.0.1705.6
MinimumVisualStudioVersion = 10.0.40219.1
Project("{FAE04EC0-301F-11D3-BF4B-00C04F79EFBC}") = "C4---TA21-Metodos-y-Arrays", "C4---TA21-Metodos-y-Arrays.csproj", "{4DAFEE15-1B60-4A80-B86B-32DFC24D6D9E}"
EndProject
Global
	GlobalSection(SolutionConfigurationPlatforms) = preSolution
		Debug|Any CPU = Debug|Any CPU
		Release|Any CPU = Release|Any CPU
	EndGlobalSection
	GlobalSection(ProjectConfigurationPlatforms) = postSolution
		{4DAFEE15-1B60-4A80-B86B-32DFC24D6D9E}.Debug|Any CPU.ActiveCfg = Debug|Any CPU
		{4DAFEE15-1B60-4A80-B86B-32DFC24D6D9E}.Debug|Any CPU.Build.0 = Debug|Any CPU
		{4DAFEE15-1B60-4A80-B86B-32DFC24D6D9E}.Release|Any CPU.ActiveCfg = Release|Any CPU
		{4DAFEE15-1B60-4A80-B86B-32DFC24D6D9E}.Release|Any CPU.Build.0 = Release|Any CPU
	EndGlobalSection
	GlobalSection(SolutionProperties) = preSolution
		HideSolutionNode = FALSE
	EndGlobalSection
	GlobalSection(ExtensibilityGlobals) = postSolution
		SolutionGuid = {6783F781-797D-431F-B1DE-0F7EAD7F84BD}
	EndGlobalSection
EndGlobal
